// !$*UTF8*$!
{
	archiveVersion = 1;
	classes = {
	};
	objectVersion = 48;
	objects = {

/* Begin PBXBuildFile section */
		A93E15912080877C00F8D4FF /* AppDelegate.swift in Sources */ = {isa = PBXBuildFile; fileRef = A93E15902080877C00F8D4FF /* AppDelegate.swift */; };
		A93E15932080877C00F8D4FF /* GameScene.sks in Resources */ = {isa = PBXBuildFile; fileRef = A93E15922080877C00F8D4FF /* GameScene.sks */; };
		A93E15952080877C00F8D4FF /* Actions.sks in Resources */ = {isa = PBXBuildFile; fileRef = A93E15942080877C00F8D4FF /* Actions.sks */; };
		A93E15972080877C00F8D4FF /* GameScene.swift in Sources */ = {isa = PBXBuildFile; fileRef = A93E15962080877C00F8D4FF /* GameScene.swift */; };
		A93E15992080877C00F8D4FF /* ViewController.swift in Sources */ = {isa = PBXBuildFile; fileRef = A93E15982080877C00F8D4FF /* ViewController.swift */; };
		A93E159B2080877C00F8D4FF /* Assets.xcassets in Resources */ = {isa = PBXBuildFile; fileRef = A93E159A2080877C00F8D4FF /* Assets.xcassets */; };
		A93E159E2080877C00F8D4FF /* Main.storyboard in Resources */ = {isa = PBXBuildFile; fileRef = A93E159C2080877C00F8D4FF /* Main.storyboard */; };
		A93E15AA2080877C00F8D4FF /* InsideTheHatTests.swift in Sources */ = {isa = PBXBuildFile; fileRef = A93E15A92080877C00F8D4FF /* InsideTheHatTests.swift */; };
		A93E15B52080877C00F8D4FF /* InsideTheHatUITests.swift in Sources */ = {isa = PBXBuildFile; fileRef = A93E15B42080877C00F8D4FF /* InsideTheHatUITests.swift */; };
/* End PBXBuildFile section */

/* Begin PBXContainerItemProxy section */
		A93E15A62080877C00F8D4FF /* PBXContainerItemProxy */ = {
			isa = PBXContainerItemProxy;
			containerPortal = A93E15852080877C00F8D4FF /* Project object */;
			proxyType = 1;
			remoteGlobalIDString = A93E158C2080877C00F8D4FF;
			remoteInfo = InsideTheHat;
		};
		A93E15B12080877C00F8D4FF /* PBXContainerItemProxy */ = {
			isa = PBXContainerItemProxy;
			containerPortal = A93E15852080877C00F8D4FF /* Project object */;
			proxyType = 1;
			remoteGlobalIDString = A93E158C2080877C00F8D4FF;
			remoteInfo = InsideTheHat;
		};
/* End PBXContainerItemProxy section */

/* Begin PBXFileReference section */
		A93E158D2080877C00F8D4FF /* InsideTheHat.app */ = {isa = PBXFileReference; explicitFileType = wrapper.application; includeInIndex = 0; path = InsideTheHat.app; sourceTree = BUILT_PRODUCTS_DIR; };
		A93E15902080877C00F8D4FF /* AppDelegate.swift */ = {isa = PBXFileReference; lastKnownFileType = sourcecode.swift; path = AppDelegate.swift; sourceTree = "<group>"; };
		A93E15922080877C00F8D4FF /* GameScene.sks */ = {isa = PBXFileReference; lastKnownFileType = file.sks; path = GameScene.sks; sourceTree = "<group>"; };
		A93E15942080877C00F8D4FF /* Actions.sks */ = {isa = PBXFileReference; lastKnownFileType = file.sks; path = Actions.sks; sourceTree = "<group>"; };
		A93E15962080877C00F8D4FF /* GameScene.swift */ = {isa = PBXFileReference; lastKnownFileType = sourcecode.swift; path = GameScene.swift; sourceTree = "<group>"; };
		A93E15982080877C00F8D4FF /* ViewController.swift */ = {isa = PBXFileReference; lastKnownFileType = sourcecode.swift; path = ViewController.swift; sourceTree = "<group>"; };
		A93E159A2080877C00F8D4FF /* Assets.xcassets */ = {isa = PBXFileReference; lastKnownFileType = folder.assetcatalog; path = Assets.xcassets; sourceTree = "<group>"; };
		A93E159D2080877C00F8D4FF /* Base */ = {isa = PBXFileReference; lastKnownFileType = file.storyboard; name = Base; path = Base.lproj/Main.storyboard; sourceTree = "<group>"; };
		A93E159F2080877C00F8D4FF /* Info.plist */ = {isa = PBXFileReference; lastKnownFileType = text.plist.xml; path = Info.plist; sourceTree = "<group>"; };
		A93E15A02080877C00F8D4FF /* InsideTheHat.entitlements */ = {isa = PBXFileReference; lastKnownFileType = text.plist.entitlements; path = InsideTheHat.entitlements; sourceTree = "<group>"; };
		A93E15A52080877C00F8D4FF /* InsideTheHatTests.xctest */ = {isa = PBXFileReference; explicitFileType = wrapper.cfbundle; includeInIndex = 0; path = InsideTheHatTests.xctest; sourceTree = BUILT_PRODUCTS_DIR; };
		A93E15A92080877C00F8D4FF /* InsideTheHatTests.swift */ = {isa = PBXFileReference; lastKnownFileType = sourcecode.swift; path = InsideTheHatTests.swift; sourceTree = "<group>"; };
		A93E15AB2080877C00F8D4FF /* Info.plist */ = {isa = PBXFileReference; lastKnownFileType = text.plist.xml; path = Info.plist; sourceTree = "<group>"; };
		A93E15B02080877C00F8D4FF /* InsideTheHatUITests.xctest */ = {isa = PBXFileReference; explicitFileType = wrapper.cfbundle; includeInIndex = 0; path = InsideTheHatUITests.xctest; sourceTree = BUILT_PRODUCTS_DIR; };
		A93E15B42080877C00F8D4FF /* InsideTheHatUITests.swift */ = {isa = PBXFileReference; lastKnownFileType = sourcecode.swift; path = InsideTheHatUITests.swift; sourceTree = "<group>"; };
		A93E15B62080877C00F8D4FF /* Info.plist */ = {isa = PBXFileReference; lastKnownFileType = text.plist.xml; path = Info.plist; sourceTree = "<group>"; };
/* End PBXFileReference section */

/* Begin PBXFrameworksBuildPhase section */
		A93E158A2080877C00F8D4FF /* Frameworks */ = {
			isa = PBXFrameworksBuildPhase;
			buildActionMask = 2147483647;
			files = (
			);
			runOnlyForDeploymentPostprocessing = 0;
		};
		A93E15A22080877C00F8D4FF /* Frameworks */ = {
			isa = PBXFrameworksBuildPhase;
			buildActionMask = 2147483647;
			files = (
			);
			runOnlyForDeploymentPostprocessing = 0;
		};
		A93E15AD2080877C00F8D4FF /* Frameworks */ = {
			isa = PBXFrameworksBuildPhase;
			buildActionMask = 2147483647;
			files = (
			);
			runOnlyForDeploymentPostprocessing = 0;
		};
/* End PBXFrameworksBuildPhase section */

/* Begin PBXGroup section */
		A93E15842080877C00F8D4FF = {
			isa = PBXGroup;
			children = (
				A93E158F2080877C00F8D4FF /* InsideTheHat */,
				A93E15A82080877C00F8D4FF /* InsideTheHatTests */,
				A93E15B32080877C00F8D4FF /* InsideTheHatUITests */,
				A93E158E2080877C00F8D4FF /* Products */,
			);
			sourceTree = "<group>";
		};
		A93E158E2080877C00F8D4FF /* Products */ = {
			isa = PBXGroup;
			children = (
				A93E158D2080877C00F8D4FF /* InsideTheHat.app */,
				A93E15A52080877C00F8D4FF /* InsideTheHatTests.xctest */,
				A93E15B02080877C00F8D4FF /* InsideTheHatUITests.xctest */,
			);
			name = Products;
			sourceTree = "<group>";
		};
		A93E158F2080877C00F8D4FF /* InsideTheHat */ = {
			isa = PBXGroup;
			children = (
				A93E15902080877C00F8D4FF /* AppDelegate.swift */,
				A93E15922080877C00F8D4FF /* GameScene.sks */,
				A93E15942080877C00F8D4FF /* Actions.sks */,
				A93E15962080877C00F8D4FF /* GameScene.swift */,
				A93E15982080877C00F8D4FF /* ViewController.swift */,
				A93E159A2080877C00F8D4FF /* Assets.xcassets */,
				A93E159C2080877C00F8D4FF /* Main.storyboard */,
				A93E159F2080877C00F8D4FF /* Info.plist */,
				A93E15A02080877C00F8D4FF /* InsideTheHat.entitlements */,
			);
			path = InsideTheHat;
			sourceTree = "<group>";
		};
		A93E15A82080877C00F8D4FF /* InsideTheHatTests */ = {
			isa = PBXGroup;
			children = (
				A93E15A92080877C00F8D4FF /* InsideTheHatTests.swift */,
				A93E15AB2080877C00F8D4FF /* Info.plist */,
			);
			path = InsideTheHatTests;
			sourceTree = "<group>";
		};
		A93E15B32080877C00F8D4FF /* InsideTheHatUITests */ = {
			isa = PBXGroup;
			children = (
				A93E15B42080877C00F8D4FF /* InsideTheHatUITests.swift */,
				A93E15B62080877C00F8D4FF /* Info.plist */,
			);
			path = InsideTheHatUITests;
			sourceTree = "<group>";
		};
/* End PBXGroup section */

/* Begin PBXNativeTarget section */
		A93E158C2080877C00F8D4FF /* InsideTheHat */ = {
			isa = PBXNativeTarget;
			buildConfigurationList = A93E15B92080877C00F8D4FF /* Build configuration list for PBXNativeTarget "InsideTheHat" */;
			buildPhases = (
				A93E15892080877C00F8D4FF /* Sources */,
				A93E158A2080877C00F8D4FF /* Frameworks */,
				A93E158B2080877C00F8D4FF /* Resources */,
			);
			buildRules = (
			);
			dependencies = (
			);
			name = InsideTheHat;
			productName = InsideTheHat;
			productReference = A93E158D2080877C00F8D4FF /* InsideTheHat.app */;
			productType = "com.apple.product-type.application";
		};
		A93E15A42080877C00F8D4FF /* InsideTheHatTests */ = {
			isa = PBXNativeTarget;
			buildConfigurationList = A93E15BC2080877C00F8D4FF /* Build configuration list for PBXNativeTarget "InsideTheHatTests" */;
			buildPhases = (
				A93E15A12080877C00F8D4FF /* Sources */,
				A93E15A22080877C00F8D4FF /* Frameworks */,
				A93E15A32080877C00F8D4FF /* Resources */,
			);
			buildRules = (
			);
			dependencies = (
				A93E15A72080877C00F8D4FF /* PBXTargetDependency */,
			);
			name = InsideTheHatTests;
			productName = InsideTheHatTests;
			productReference = A93E15A52080877C00F8D4FF /* InsideTheHatTests.xctest */;
			productType = "com.apple.product-type.bundle.unit-test";
		};
		A93E15AF2080877C00F8D4FF /* InsideTheHatUITests */ = {
			isa = PBXNativeTarget;
			buildConfigurationList = A93E15BF2080877C00F8D4FF /* Build configuration list for PBXNativeTarget "InsideTheHatUITests" */;
			buildPhases = (
				A93E15AC2080877C00F8D4FF /* Sources */,
				A93E15AD2080877C00F8D4FF /* Frameworks */,
				A93E15AE2080877C00F8D4FF /* Resources */,
			);
			buildRules = (
			);
			dependencies = (
				A93E15B22080877C00F8D4FF /* PBXTargetDependency */,
			);
			name = InsideTheHatUITests;
			productName = InsideTheHatUITests;
			productReference = A93E15B02080877C00F8D4FF /* InsideTheHatUITests.xctest */;
			productType = "com.apple.product-type.bundle.ui-testing";
		};
/* End PBXNativeTarget section */

/* Begin PBXProject section */
		A93E15852080877C00F8D4FF /* Project object */ = {
			isa = PBXProject;
			attributes = {
				LastSwiftUpdateCheck = 0920;
				LastUpgradeCheck = 0920;
				ORGANIZATIONNAME = Sourav;
				TargetAttributes = {
					A93E158C2080877C00F8D4FF = {
						CreatedOnToolsVersion = 9.2;
						ProvisioningStyle = Automatic;
					};
					A93E15A42080877C00F8D4FF = {
						CreatedOnToolsVersion = 9.2;
						ProvisioningStyle = Automatic;
						TestTargetID = A93E158C2080877C00F8D4FF;
					};
					A93E15AF2080877C00F8D4FF = {
						CreatedOnToolsVersion = 9.2;
						ProvisioningStyle = Automatic;
						TestTargetID = A93E158C2080877C00F8D4FF;
					};
				};
			};
			buildConfigurationList = A93E15882080877C00F8D4FF /* Build configuration list for PBXProject "InsideTheHat" */;
			compatibilityVersion = "Xcode 8.0";
			developmentRegion = en;
			hasScannedForEncodings = 0;
			knownRegions = (
				en,
				Base,
			);
			mainGroup = A93E15842080877C00F8D4FF;
			productRefGroup = A93E158E2080877C00F8D4FF /* Products */;
			projectDirPath = "";
			projectRoot = "";
			targets = (
				A93E158C2080877C00F8D4FF /* InsideTheHat */,
				A93E15A42080877C00F8D4FF /* InsideTheHatTests */,
				A93E15AF2080877C00F8D4FF /* InsideTheHatUITests */,
			);
		};
/* End PBXProject section */

/* Begin PBXResourcesBuildPhase section */
		A93E158B2080877C00F8D4FF /* Resources */ = {
			isa = PBXResourcesBuildPhase;
			buildActionMask = 2147483647;
			files = (
				A93E15932080877C00F8D4FF /* GameScene.sks in Resources */,
				A93E159B2080877C00F8D4FF /* Assets.xcassets in Resources */,
				A93E15952080877C00F8D4FF /* Actions.sks in Resources */,
				A93E159E2080877C00F8D4FF /* Main.storyboard in Resources */,
			);
			runOnlyForDeploymentPostprocessing = 0;
		};
		A93E15A32080877C00F8D4FF /* Resources */ = {
			isa = PBXResourcesBuildPhase;
			buildActionMask = 2147483647;
			files = (
			);
			runOnlyForDeploymentPostprocessing = 0;
		};
		A93E15AE2080877C00F8D4FF /* Resources */ = {
			isa = PBXResourcesBuildPhase;
			buildActionMask = 2147483647;
			files = (
			);
			runOnlyForDeploymentPostprocessing = 0;
		};
/* End PBXResourcesBuildPhase section */

/* Begin PBXSourcesBuildPhase section */
		A93E15892080877C00F8D4FF /* Sources */ = {
			isa = PBXSourcesBuildPhase;
			buildActionMask = 2147483647;
			files = (
				A93E15992080877C00F8D4FF /* ViewController.swift in Sources */,
				A93E15972080877C00F8D4FF /* GameScene.swift in Sources */,
				A93E15912080877C00F8D4FF /* AppDelegate.swift in Sources */,
			);
			runOnlyForDeploymentPostprocessing = 0;
		};
		A93E15A12080877C00F8D4FF /* Sources */ = {
			isa = PBXSourcesBuildPhase;
			buildActionMask = 2147483647;
			files = (
				A93E15AA2080877C00F8D4FF /* InsideTheHatTests.swift in Sources */,
			);
			runOnlyForDeploymentPostprocessing = 0;
		};
		A93E15AC2080877C00F8D4FF /* Sources */ = {
			isa = PBXSourcesBuildPhase;
			buildActionMask = 2147483647;
			files = (
				A93E15B52080877C00F8D4FF /* InsideTheHatUITests.swift in Sources */,
			);
			runOnlyForDeploymentPostprocessing = 0;
		};
/* End PBXSourcesBuildPhase section */

/* Begin PBXTargetDependency section */
		A93E15A72080877C00F8D4FF /* PBXTargetDependency */ = {
			isa = PBXTargetDependency;
			target = A93E158C2080877C00F8D4FF /* InsideTheHat */;
			targetProxy = A93E15A62080877C00F8D4FF /* PBXContainerItemProxy */;
		};
		A93E15B22080877C00F8D4FF /* PBXTargetDependency */ = {
			isa = PBXTargetDependency;
			target = A93E158C2080877C00F8D4FF /* InsideTheHat */;
			targetProxy = A93E15B12080877C00F8D4FF /* PBXContainerItemProxy */;
		};
/* End PBXTargetDependency section */

/* Begin PBXVariantGroup section */
		A93E159C2080877C00F8D4FF /* Main.storyboard */ = {
			isa = PBXVariantGroup;
			children = (
				A93E159D2080877C00F8D4FF /* Base */,
			);
			name = Main.storyboard;
			sourceTree = "<group>";
		};
/* End PBXVariantGroup section */

/* Begin XCBuildConfiguration section */
		A93E15B72080877C00F8D4FF /* Debug */ = {
			isa = XCBuildConfiguration;
			buildSettings = {
				ALWAYS_SEARCH_USER_PATHS = NO;
				CLANG_ANALYZER_NONNULL = YES;
				CLANG_ANALYZER_NUMBER_OBJECT_CONVERSION = YES_AGGRESSIVE;
				CLANG_CXX_LANGUAGE_STANDARD = "gnu++14";
				CLANG_CXX_LIBRARY = "libc++";
				CLANG_ENABLE_MODULES = YES;
				CLANG_ENABLE_OBJC_ARC = YES;
				CLANG_WARN_BLOCK_CAPTURE_AUTORELEASING = YES;
				CLANG_WARN_BOOL_CONVERSION = YES;
				CLANG_WARN_COMMA = YES;
				CLANG_WARN_CONSTANT_CONVERSION = YES;
				CLANG_WARN_DIRECT_OBJC_ISA_USAGE = YES_ERROR;
				CLANG_WARN_DOCUMENTATION_COMMENTS = YES;
				CLANG_WARN_EMPTY_BODY = YES;
				CLANG_WARN_ENUM_CONVERSION = YES;
				CLANG_WARN_INFINITE_RECURSION = YES;
				CLANG_WARN_INT_CONVERSION = YES;
				CLANG_WARN_NON_LITERAL_NULL_CONVERSION = YES;
				CLANG_WARN_OBJC_LITERAL_CONVERSION = YES;
				CLANG_WARN_OBJC_ROOT_CLASS = YES_ERROR;
				CLANG_WARN_RANGE_LOOP_ANALYSIS = YES;
				CLANG_WARN_STRICT_PROTOTYPES = YES;
				CLANG_WARN_SUSPICIOUS_MOVE = YES;
				CLANG_WARN_UNGUARDED_AVAILABILITY = YES_AGGRESSIVE;
				CLANG_WARN_UNREACHABLE_CODE = YES;
				CLANG_WARN__DUPLICATE_METHOD_MATCH = YES;
				CODE_SIGN_IDENTITY = "-";
				COPY_PHASE_STRIP = NO;
				DEBUG_INFORMATION_FORMAT = dwarf;
				ENABLE_STRICT_OBJC_MSGSEND = YES;
				ENABLE_TESTABILITY = YES;
				GCC_C_LANGUAGE_STANDARD = gnu11;
				GCC_DYNAMIC_NO_PIC = NO;
				GCC_NO_COMMON_BLOCKS = YES;
				GCC_OPTIMIZATION_LEVEL = 0;
				GCC_PREPROCESSOR_DEFINITIONS = (
					"DEBUG=1",
					"$(inherited)",
				);
				GCC_WARN_64_TO_32_BIT_CONVERSION = YES;
				GCC_WARN_ABOUT_RETURN_TYPE = YES_ERROR;
				GCC_WARN_UNDECLARED_SELECTOR = YES;
				GCC_WARN_UNINITIALIZED_AUTOS = YES_AGGRESSIVE;
				GCC_WARN_UNUSED_FUNCTION = YES;
				GCC_WARN_UNUSED_VARIABLE = YES;
				MACOSX_DEPLOYMENT_TARGET = 10.13;
				MTL_ENABLE_DEBUG_INFO = YES;
				ONLY_ACTIVE_ARCH = YES;
				SDKROOT = macosx;
				SWIFT_ACTIVE_COMPILATION_CONDITIONS = DEBUG;
				SWIFT_OPTIMIZATION_LEVEL = "-Onone";
			};
			name = Debug;
		};
		A93E15B82080877C00F8D4FF /* Release */ = {
			isa = XCBuildConfiguration;
			buildSettings = {
				ALWAYS_SEARCH_USER_PATHS = NO;
				CLANG_ANALYZER_NONNULL = YES;
				CLANG_ANALYZER_NUMBER_OBJECT_CONVERSION = YES_AGGRESSIVE;
				CLANG_CXX_LANGUAGE_STANDARD = "gnu++14";
				CLANG_CXX_LIBRARY = "libc++";
				CLANG_ENABLE_MODULES = YES;
				CLANG_ENABLE_OBJC_ARC = YES;
				CLANG_WARN_BLOCK_CAPTURE_AUTORELEASING = YES;
				CLANG_WARN_BOOL_CONVERSION = YES;
				CLANG_WARN_COMMA = YES;
				CLANG_WARN_CONSTANT_CONVERSION = YES;
				CLANG_WARN_DIRECT_OBJC_ISA_USAGE = YES_ERROR;
				CLANG_WARN_DOCUMENTATION_COMMENTS = YES;
				CLANG_WARN_EMPTY_BODY = YES;
				CLANG_WARN_ENUM_CONVERSION = YES;
				CLANG_WARN_INFINITE_RECURSION = YES;
				CLANG_WARN_INT_CONVERSION = YES;
				CLANG_WARN_NON_LITERAL_NULL_CONVERSION = YES;
				CLANG_WARN_OBJC_LITERAL_CONVERSION = YES;
				CLANG_WARN_OBJC_ROOT_CLASS = YES_ERROR;
				CLANG_WARN_RANGE_LOOP_ANALYSIS = YES;
				CLANG_WARN_STRICT_PROTOTYPES = YES;
				CLANG_WARN_SUSPICIOUS_MOVE = YES;
				CLANG_WARN_UNGUARDED_AVAILABILITY = YES_AGGRESSIVE;
				CLANG_WARN_UNREACHABLE_CODE = YES;
				CLANG_WARN__DUPLICATE_METHOD_MATCH = YES;
				CODE_SIGN_IDENTITY = "-";
				COPY_PHASE_STRIP = NO;
				DEBUG_INFORMATION_FORMAT = "dwarf-with-dsym";
				ENABLE_NS_ASSERTIONS = NO;
				ENABLE_STRICT_OBJC_MSGSEND = YES;
				GCC_C_LANGUAGE_STANDARD = gnu11;
				GCC_NO_COMMON_BLOCKS = YES;
				GCC_WARN_64_TO_32_BIT_CONVERSION = YES;
				GCC_WARN_ABOUT_RETURN_TYPE = YES_ERROR;
				GCC_WARN_UNDECLARED_SELECTOR = YES;
				GCC_WARN_UNINITIALIZED_AUTOS = YES_AGGRESSIVE;
				GCC_WARN_UNUSED_FUNCTION = YES;
				GCC_WARN_UNUSED_VARIABLE = YES;
				MACOSX_DEPLOYMENT_TARGET = 10.13;
				MTL_ENABLE_DEBUG_INFO = NO;
				SDKROOT = macosx;
				SWIFT_OPTIMIZATION_LEVEL = "-Owholemodule";
			};
			name = Release;
		};
		A93E15BA2080877C00F8D4FF /* Debug */ = {
			isa = XCBuildConfiguration;
			buildSettings = {
				ASSETCATALOG_COMPILER_APPICON_NAME = AppIcon;
				CODE_SIGN_ENTITLEMENTS = InsideTheHat/InsideTheHat.entitlements;
				CODE_SIGN_STYLE = Automatic;
				COMBINE_HIDPI_IMAGES = YES;
				INFOPLIST_FILE = InsideTheHat/Info.plist;
				LD_RUNPATH_SEARCH_PATHS = "$(inherited) @executable_path/../Frameworks";
				PRODUCT_BUNDLE_IDENTIFIER = com.sromic.InsideTheHat;
				PRODUCT_NAME = "$(TARGET_NAME)";
				SWIFT_VERSION = 4.0;
			};
			name = Debug;
		};
		A93E15BB2080877C00F8D4FF /* Release */ = {
			isa = XCBuildConfiguration;
			buildSettings = {
				ASSETCATALOG_COMPILER_APPICON_NAME = AppIcon;
				CODE_SIGN_ENTITLEMENTS = InsideTheHat/InsideTheHat.entitlements;
				CODE_SIGN_STYLE = Automatic;
				COMBINE_HIDPI_IMAGES = YES;
				INFOPLIST_FILE = InsideTheHat/Info.plist;
				LD_RUNPATH_SEARCH_PATHS = "$(inherited) @executable_path/../Frameworks";
				PRODUCT_BUNDLE_IDENTIFIER = com.sromic.InsideTheHat;
				PRODUCT_NAME = "$(TARGET_NAME)";
				SWIFT_VERSION = 4.0;
			};
			name = Release;
		};
		A93E15BD2080877C00F8D4FF /* Debug */ = {
			isa = XCBuildConfiguration;
			buildSettings = {
				ALWAYS_EMBED_SWIFT_STANDARD_LIBRARIES = YES;
				BUNDLE_LOADER = "$(TEST_HOST)";
				CODE_SIGN_STYLE = Automatic;
				COMBINE_HIDPI_IMAGES = YES;
				INFOPLIST_FILE = InsideTheHatTests/Info.plist;
				LD_RUNPATH_SEARCH_PATHS = "$(inherited) @executable_path/../Frameworks @loader_path/../Frameworks";
				PRODUCT_BUNDLE_IDENTIFIER = com.sromic.InsideTheHatTests;
				PRODUCT_NAME = "$(TARGET_NAME)";
				SWIFT_VERSION = 4.0;
				TEST_HOST = "$(BUILT_PRODUCTS_DIR)/InsideTheHat.app/Contents/MacOS/InsideTheHat";
			};
			name = Debug;
		};
		A93E15BE2080877C00F8D4FF /* Release */ = {
			isa = XCBuildConfiguration;
			buildSettings = {
				ALWAYS_EMBED_SWIFT_STANDARD_LIBRARIES = YES;
				BUNDLE_LOADER = "$(TEST_HOST)";
				CODE_SIGN_STYLE = Automatic;
				COMBINE_HIDPI_IMAGES = YES;
				INFOPLIST_FILE = InsideTheHatTests/Info.plist;
				LD_RUNPATH_SEARCH_PATHS = "$(inherited) @executable_path/../Frameworks @loader_path/../Frameworks";
				PRODUCT_BUNDLE_IDENTIFIER = com.sromic.InsideTheHatTests;
				PRODUCT_NAME = "$(TARGET_NAME)";
				SWIFT_VERSION = 4.0;
				TEST_HOST = "$(BUILT_PRODUCTS_DIR)/InsideTheHat.app/Contents/MacOS/InsideTheHat";
			};
			name = Release;
		};
		A93E15C02080877C00F8D4FF /* Debug */ = {
			isa = XCBuildConfiguration;
			buildSettings = {
				ALWAYS_EMBED_SWIFT_STANDARD_LIBRARIES = YES;
				CODE_SIGN_STYLE = Automatic;
				COMBINE_HIDPI_IMAGES = YES;
				INFOPLIST_FILE = InsideTheHatUITests/Info.plist;
				LD_RUNPATH_SEARCH_PATHS = "$(inherited) @executable_path/../Frameworks @loader_path/../Frameworks";
				PRODUCT_BUNDLE_IDENTIFIER = com.sromic.InsideTheHatUITests;
				PRODUCT_NAME = "$(TARGET_NAME)";
				SWIFT_VERSION = 4.0;
				TEST_TARGET_NAME = InsideTheHat;
			};
			name = Debug;
		};
		A93E15C12080877C00F8D4FF /* Release */ = {
			isa = XCBuildConfiguration;
			buildSettings = {
				ALWAYS_EMBED_SWIFT_STANDARD_LIBRARIES = YES;
				CODE_SIGN_STYLE = Automatic;
				COMBINE_HIDPI_IMAGES = YES;
				INFOPLIST_FILE = InsideTheHatUITests/Info.plist;
				LD_RUNPATH_SEARCH_PATHS = "$(inherited) @executable_path/../Frameworks @loader_path/../Frameworks";
				PRODUCT_BUNDLE_IDENTIFIER = com.sromic.InsideTheHatUITests;
				PRODUCT_NAME = "$(TARGET_NAME)";
				SWIFT_VERSION = 4.0;
				TEST_TARGET_NAME = InsideTheHat;
			};
			name = Release;
		};
/* End XCBuildConfiguration section */

/* Begin XCConfigurationList section */
		A93E15882080877C00F8D4FF /* Build configuration list for PBXProject "InsideTheHat" */ = {
			isa = XCConfigurationList;
			buildConfigurations = (
				A93E15B72080877C00F8D4FF /* Debug */,
				A93E15B82080877C00F8D4FF /* Release */,
			);
			defaultConfigurationIsVisible = 0;
			defaultConfigurationName = Release;
		};
		A93E15B92080877C00F8D4FF /* Build configuration list for PBXNativeTarget "InsideTheHat" */ = {
			isa = XCConfigurationList;
			buildConfigurations = (
				A93E15BA2080877C00F8D4FF /* Debug */,
				A93E15BB2080877C00F8D4FF /* Release */,
			);
			defaultConfigurationIsVisible = 0;
			defaultConfigurationName = Release;
		};
		A93E15BC2080877C00F8D4FF /* Build configuration list for PBXNativeTarget "InsideTheHatTests" */ = {
			isa = XCConfigurationList;
			buildConfigurations = (
				A93E15BD2080877C00F8D4FF /* Debug */,
				A93E15BE2080877C00F8D4FF /* Release */,
			);
			defaultConfigurationIsVisible = 0;
			defaultConfigurationName = Release;
		};
		A93E15BF2080877C00F8D4FF /* Build configuration list for PBXNativeTarget "InsideTheHatUITests" */ = {
			isa = XCConfigurationList;
			buildConfigurations = (
				A93E15C02080877C00F8D4FF /* Debug */,
				A93E15C12080877C00F8D4FF /* Release */,
			);
			defaultConfigurationIsVisible = 0;
			defaultConfigurationName = Release;
		};
/* End XCConfigurationList section */
	};
	rootObject = A93E15852080877C00F8D4FF /* Project object */;
}
